
Microsoft Visual Studio Solution File, Format Version 12.00
# Visual Studio 15
VisualStudioVersion = 15.0.26430.15
MinimumVisualStudioVersion = 10.0.40219.1
Project("{9A19103F-16F7-4668-BE54-9A1E7A4F7556}") = "CLI", "CLI\CLI.csproj", "{90D74B0F-A297-4C40-9828-A5519E16A34F}"
EndProject
Project("{9A19103F-16F7-4668-BE54-9A1E7A4F7556}") = "ShittyLINQ", "ShittyLINQ\ShittyLINQ.csproj", "{4B37BBA5-8CBE-4188-ACA1-81C776158237}"
EndProject
Global
	GlobalSection(SolutionConfigurationPlatforms) = preSolution
		Debug|Any CPU = Debug|Any CPU
		Release|Any CPU = Release|Any CPU
	EndGlobalSection
	GlobalSection(ProjectConfigurationPlatforms) = postSolution
		{90D74B0F-A297-4C40-9828-A5519E16A34F}.Debug|Any CPU.ActiveCfg = Debug|Any CPU
		{90D74B0F-A297-4C40-9828-A5519E16A34F}.Debug|Any CPU.Build.0 = Debug|Any CPU
		{90D74B0F-A297-4C40-9828-A5519E16A34F}.Release|Any CPU.ActiveCfg = Release|Any CPU
		{90D74B0F-A297-4C40-9828-A5519E16A34F}.Release|Any CPU.Build.0 = Release|Any CPU
		{4B37BBA5-8CBE-4188-ACA1-81C776158237}.Debug|Any CPU.ActiveCfg = Debug|Any CPU
		{4B37BBA5-8CBE-4188-ACA1-81C776158237}.Debug|Any CPU.Build.0 = Debug|Any CPU
		{4B37BBA5-8CBE-4188-ACA1-81C776158237}.Release|Any CPU.ActiveCfg = Release|Any CPU
		{4B37BBA5-8CBE-4188-ACA1-81C776158237}.Release|Any CPU.Build.0 = Release|Any CPU
	EndGlobalSection
	GlobalSection(SolutionProperties) = preSolution
		HideSolutionNode = FALSE
	EndGlobalSection
EndGlobal
